# This file is automatically @generated by Cargo.
# It is not intended for manual editing.
version = 4

[[package]]
name = "kartei-import"
version = "0.0.0"
dependencies = [
 "kartei-model",
]

[[package]]
name = "kartei-model"
version = "0.0.0"

[[package]]
name = "kartei-proto"
version = "0.0.0"

[[package]]
name = "kartei-server"
version = "0.0.0"
dependencies = [
 "kartei-import",
 "kartei-model",
 "kartei-proto",
 "kartei-store",
 "kartei-sync",
]

[[package]]
name = "kartei-store"
version = "0.0.0"
dependencies = [
 "kartei-model",
 "kartei-sync",
]

[[package]]
name = "kartei-sync"
version = "0.0.0"
